
Microsoft Visual Studio Solution File, Format Version 12.00
# Visual Studio Version 17
VisualStudioVersion = 17.10.35027.167
MinimumVisualStudioVersion = 10.0.40219.1
Project("{FAE04EC0-301F-11D3-BF4B-00C04F79EFBC}") = "Tetris", "Tetris\Tetris.csproj", "{B36C3046-CA17-41BB-8428-822289894B08}"
EndProject
Global
	GlobalSection(SolutionConfigurationPlatforms) = preSolution
		Debug|Any CPU = Debug|Any CPU
		Release|Any CPU = Release|Any CPU
	EndGlobalSection
	GlobalSection(ProjectConfigurationPlatforms) = postSolution
		{B36C3046-CA17-41BB-8428-822289894B08}.Debug|Any CPU.ActiveCfg = Debug|Any CPU
		{B36C3046-CA17-41BB-8428-822289894B08}.Debug|Any CPU.Build.0 = Debug|Any CPU
		{B36C3046-CA17-41BB-8428-822289894B08}.Release|Any CPU.ActiveCfg = Release|Any CPU
		{B36C3046-CA17-41BB-8428-822289894B08}.Release|Any CPU.Build.0 = Release|Any CPU
	EndGlobalSection
	GlobalSection(SolutionProperties) = preSolution
		HideSolutionNode = FALSE
	EndGlobalSection
	GlobalSection(ExtensibilityGlobals) = postSolution
		SolutionGuid = {94BEF473-E7ED-4FC3-ABF6-F583E669E0F9}
	EndGlobalSection
EndGlobal
